
Microsoft Visual Studio Solution File, Format Version 11.00
# Visual Studio 2010
Project("{FAE04EC0-301F-11D3-BF4B-00C04F79EFBC}") = "vplan", "vplan\vplan.csproj", "{DE5FF92D-4430-423F-B453-3CD8CF1FF6D2}"
EndProject
Project("{FAE04EC0-301F-11D3-BF4B-00C04F79EFBC}") = "NotifyService", "NotifyService\NotifyService.csproj", "{4A12D3E9-3850-4047-AA57-C9A08103A3E1}"
EndProject
Global
	GlobalSection(SolutionConfigurationPlatforms) = preSolution
		Debug|Any CPU = Debug|Any CPU
		Release|Any CPU = Release|Any CPU
	EndGlobalSection
	GlobalSection(ProjectConfigurationPlatforms) = postSolution
		{4A12D3E9-3850-4047-AA57-C9A08103A3E1}.Debug|Any CPU.ActiveCfg = Debug|Any CPU
		{4A12D3E9-3850-4047-AA57-C9A08103A3E1}.Debug|Any CPU.Build.0 = Debug|Any CPU
		{4A12D3E9-3850-4047-AA57-C9A08103A3E1}.Release|Any CPU.ActiveCfg = Release|Any CPU
		{4A12D3E9-3850-4047-AA57-C9A08103A3E1}.Release|Any CPU.Build.0 = Release|Any CPU
		{DE5FF92D-4430-423F-B453-3CD8CF1FF6D2}.Debug|Any CPU.ActiveCfg = Debug|Any CPU
		{DE5FF92D-4430-423F-B453-3CD8CF1FF6D2}.Debug|Any CPU.Build.0 = Debug|Any CPU
		{DE5FF92D-4430-423F-B453-3CD8CF1FF6D2}.Release|Any CPU.ActiveCfg = Release|Any CPU
		{DE5FF92D-4430-423F-B453-3CD8CF1FF6D2}.Release|Any CPU.Build.0 = Release|Any CPU
	EndGlobalSection
	GlobalSection(MonoDevelopProperties) = preSolution
		StartupItem = vplan\vplan.csproj
	EndGlobalSection
EndGlobal
